
Microsoft Visual Studio Solution File, Format Version 12.00
# Visual Studio Version 16
VisualStudioVersion = 16.0.31005.135
MinimumVisualStudioVersion = 10.0.40219.1
Project("{9A19103F-16F7-4668-BE54-9A1E7A4F7556}") = "Challenge0", "Challenge0.csproj", "{7BCB986F-0106-4CAF-9FB2-2B6C395EAD2E}"
EndProject
Global
	GlobalSection(SolutionConfigurationPlatforms) = preSolution
		Debug|Any CPU = Debug|Any CPU
		Release|Any CPU = Release|Any CPU
	EndGlobalSection
	GlobalSection(ProjectConfigurationPlatforms) = postSolution
		{7BCB986F-0106-4CAF-9FB2-2B6C395EAD2E}.Debug|Any CPU.ActiveCfg = Debug|Any CPU
		{7BCB986F-0106-4CAF-9FB2-2B6C395EAD2E}.Debug|Any CPU.Build.0 = Debug|Any CPU
		{7BCB986F-0106-4CAF-9FB2-2B6C395EAD2E}.Release|Any CPU.ActiveCfg = Release|Any CPU
		{7BCB986F-0106-4CAF-9FB2-2B6C395EAD2E}.Release|Any CPU.Build.0 = Release|Any CPU
	EndGlobalSection
	GlobalSection(SolutionProperties) = preSolution
		HideSolutionNode = FALSE
	EndGlobalSection
	GlobalSection(ExtensibilityGlobals) = postSolution
		SolutionGuid = {93D7D581-6477-4C64-8503-D018235E940E}
	EndGlobalSection
EndGlobal
